
Microsoft Visual Studio Solution File, Format Version 12.00
# Visual Studio Version 17
VisualStudioVersion = 17.4.33205.214
MinimumVisualStudioVersion = 10.0.40219.1
Project("{FAE04EC0-301F-11D3-BF4B-00C04F79EFBC}") = "StudM", "StudM\StudM.csproj", "{5EF90432-4F64-468E-A829-4345A9157F81}"
EndProject
Project("{FAE04EC0-301F-11D3-BF4B-00C04F79EFBC}") = "Stud.DAL", "Stud.DAL\Stud.DAL.csproj", "{123D54C3-483A-4464-AABC-17CA11B59E2A}"
EndProject
Project("{FAE04EC0-301F-11D3-BF4B-00C04F79EFBC}") = "Stud.Model", "Stud.Model\Stud.Model.csproj", "{394BAD72-6365-4A16-B046-6B6EB524F440}"
EndProject
Global
	GlobalSection(SolutionConfigurationPlatforms) = preSolution
		Debug|Any CPU = Debug|Any CPU
		Release|Any CPU = Release|Any CPU
	EndGlobalSection
	GlobalSection(ProjectConfigurationPlatforms) = postSolution
		{5EF90432-4F64-468E-A829-4345A9157F81}.Debug|Any CPU.ActiveCfg = Debug|Any CPU
		{5EF90432-4F64-468E-A829-4345A9157F81}.Debug|Any CPU.Build.0 = Debug|Any CPU
		{5EF90432-4F64-468E-A829-4345A9157F81}.Release|Any CPU.ActiveCfg = Release|Any CPU
		{5EF90432-4F64-468E-A829-4345A9157F81}.Release|Any CPU.Build.0 = Release|Any CPU
		{123D54C3-483A-4464-AABC-17CA11B59E2A}.Debug|Any CPU.ActiveCfg = Debug|Any CPU
		{123D54C3-483A-4464-AABC-17CA11B59E2A}.Debug|Any CPU.Build.0 = Debug|Any CPU
		{123D54C3-483A-4464-AABC-17CA11B59E2A}.Release|Any CPU.ActiveCfg = Release|Any CPU
		{123D54C3-483A-4464-AABC-17CA11B59E2A}.Release|Any CPU.Build.0 = Release|Any CPU
		{394BAD72-6365-4A16-B046-6B6EB524F440}.Debug|Any CPU.ActiveCfg = Debug|Any CPU
		{394BAD72-6365-4A16-B046-6B6EB524F440}.Debug|Any CPU.Build.0 = Debug|Any CPU
		{394BAD72-6365-4A16-B046-6B6EB524F440}.Release|Any CPU.ActiveCfg = Release|Any CPU
		{394BAD72-6365-4A16-B046-6B6EB524F440}.Release|Any CPU.Build.0 = Release|Any CPU
	EndGlobalSection
	GlobalSection(SolutionProperties) = preSolution
		HideSolutionNode = FALSE
	EndGlobalSection
	GlobalSection(ExtensibilityGlobals) = postSolution
		SolutionGuid = {D0ED46EE-6A89-4B5F-B2C7-518A4739DF58}
	EndGlobalSection
EndGlobal
